github.com/Konstantin8105/binaryexpr v0.1.0 h1:2+mmmCRpZ6BDHyaLRAePjGiVp/Hgt7T7z75aRF5CpYM=
github.com/Konstantin8105/binaryexpr v0.1.0/go.mod h1:prPPFcv/zGCwhx78QW299JwMKP4xSkldgOwhZNr99GQ=
github.com/Konstantin8105/errors v0.1.0 h1:YlF98T37IPvBGzxbj6AhXrY4VdoFfW60KEibUOtOpkg=
github.com/Konstantin8105/errors v0.1.0/go.mod h1:cKK/HtcfxJFe1RvnGzhWl8jcZpnTqZjKwvMBUrLsis4=
github.com/Konstantin8105/pow v0.1.0 h1:1FBuKD4UEXKRsP0snDUGqbok5LcwYPUbq5ClVOW++cE=
github.com/Konstantin8105/pow v0.1.0/go.mod h1:4Xe+OUZ7jwe74BFzgLepZw57cSFWba1/o6gTk53RBdI=
github.com/Konstantin8105/tree v0.1.0 h1:4zHm0vfnQCNlXqv4I00R5LoXz8HEeWk7BwvNgjnl6Sg=
github.com/Konstantin8105/tree v0.1.0/go.mod h1:/KrCn6rMgf1uoXUY2HjVvML1LeLUULD1BDiHWJhJwII=
golang.org/x/exp v0.0.0-20191002040644-a1355ae1e2c3 h1:n9HxLrNxWWtEb1cA950nuEEj3QnKbtsCJ6KjcgisNUs=
gonum.org/v1/gonum v0.12.0 h1:xKuo6hzt+gMav00meVPUlXwSdoEJP46BR+wdxQEFK2o=
gonum.org/v1/gonum v0.12.0/go.mod h1:73TDxJfAAHeA8Mk9mf8NlIppyhQNo5GLTcYeqgo2lvY=
